
Microsoft Visual Studio Solution File, Format Version 12.00
# Visual Studio Version 17
VisualStudioVersion = 17.0.31903.59
MinimumVisualStudioVersion = 10.0.40219.1
Project("{2150E333-8FDC-42A3-9474-1A3956D46DE8}") = "src", "src", "{827E0CD3-B72D-47B6-A68D-7590B98EB39B}"
EndProject
Project("{2150E333-8FDC-42A3-9474-1A3956D46DE8}") = "API", "API", "{81034408-37C8-1011-444E-4C15C2FADA8E}"
EndProject
Project("{FAE04EC0-301F-11D3-BF4B-00C04F79EFBC}") = "Petrichor.Api", "src\API\Petrichor.Api\Petrichor.Api.csproj", "{BF9BE64B-59ED-4897-AD73-9677E2AE21E6}"
EndProject
Project("{2150E333-8FDC-42A3-9474-1A3956D46DE8}") = "Modules", "Modules", "{EC447DCF-ABFA-6E24-52A5-D7FD48A5C558}"
EndProject
Project("{2150E333-8FDC-42A3-9474-1A3956D46DE8}") = "Gallery", "Gallery", "{351E7B30-D039-6F9B-1124-3155A5A255D6}"
EndProject
Project("{FAE04EC0-301F-11D3-BF4B-00C04F79EFBC}") = "Petrichor.Modules.Gallery.Application", "src\Modules\Gallery\Petrichor.Modules.Gallery.Application\Petrichor.Modules.Gallery.Application.csproj", "{7231CD88-A79D-4409-9147-C2E5B70AA437}"
EndProject
Project("{FAE04EC0-301F-11D3-BF4B-00C04F79EFBC}") = "Petrichor.Modules.Gallery.Contracts", "src\Modules\Gallery\Petrichor.Modules.Gallery.Contracts\Petrichor.Modules.Gallery.Contracts.csproj", "{258C5834-0F4B-4E37-A2F0-D7E89FA9C615}"
EndProject
Project("{FAE04EC0-301F-11D3-BF4B-00C04F79EFBC}") = "Petrichor.Modules.Gallery.Domain", "src\Modules\Gallery\Petrichor.Modules.Gallery.Domain\Petrichor.Modules.Gallery.Domain.csproj", "{65804B83-341A-48CF-A4DD-799834B8414F}"
EndProject
Project("{FAE04EC0-301F-11D3-BF4B-00C04F79EFBC}") = "Petrichor.Modules.Gallery.Infrastructure", "src\Modules\Gallery\Petrichor.Modules.Gallery.Infrastructure\Petrichor.Modules.Gallery.Infrastructure.csproj", "{123EE886-7F2B-487B-82A6-1E4124ABE483}"
EndProject
Project("{FAE04EC0-301F-11D3-BF4B-00C04F79EFBC}") = "Petrichor.Modules.Gallery.Presentation", "src\Modules\Gallery\Petrichor.Modules.Gallery.Presentation\Petrichor.Modules.Gallery.Presentation.csproj", "{0335B9AD-E9B2-4A90-B535-6BCFA93F969A}"
EndProject
Project("{2150E333-8FDC-42A3-9474-1A3956D46DE8}") = "Users", "Users", "{A26F344D-182E-CE53-AD51-2154946AC6F3}"
EndProject
Project("{FAE04EC0-301F-11D3-BF4B-00C04F79EFBC}") = "Petrichor.Modules.Users.Application", "src\Modules\Users\Petrichor.Modules.Users.Application\Petrichor.Modules.Users.Application.csproj", "{AED4556B-1094-44D7-84AE-5CA8EDCA1ACB}"
EndProject
Project("{FAE04EC0-301F-11D3-BF4B-00C04F79EFBC}") = "Petrichor.Modules.Users.Contracts", "src\Modules\Users\Petrichor.Modules.Users.Contracts\Petrichor.Modules.Users.Contracts.csproj", "{3EDF5BC4-7443-4BCE-8606-D1474A59EBC7}"
EndProject
Project("{FAE04EC0-301F-11D3-BF4B-00C04F79EFBC}") = "Petrichor.Modules.Users.Domain", "src\Modules\Users\Petrichor.Modules.Users.Domain\Petrichor.Modules.Users.Domain.csproj", "{64FB7BD4-A0C6-4C96-B4AE-A0C234E127DD}"
EndProject
Project("{FAE04EC0-301F-11D3-BF4B-00C04F79EFBC}") = "Petrichor.Modules.Users.Infrastructure", "src\Modules\Users\Petrichor.Modules.Users.Infrastructure\Petrichor.Modules.Users.Infrastructure.csproj", "{F7C1D41F-7932-4287-B525-EEA68B365E57}"
EndProject
Project("{FAE04EC0-301F-11D3-BF4B-00C04F79EFBC}") = "Petrichor.Modules.Users.Presentation", "src\Modules\Users\Petrichor.Modules.Users.Presentation\Petrichor.Modules.Users.Presentation.csproj", "{189A79F9-D0C2-4E4B-B970-E0012C167FA5}"
EndProject
Project("{2150E333-8FDC-42A3-9474-1A3956D46DE8}") = "Shared", "Shared", "{C8E42992-5E42-0C2B-DBFE-AA848D06431C}"
EndProject
Project("{FAE04EC0-301F-11D3-BF4B-00C04F79EFBC}") = "Petrichor.Shared.Application", "src\Shared\Petrichor.Shared.Application\Petrichor.Shared.Application.csproj", "{B94A9FBF-0539-4442-B271-D9D22B0EFEE3}"
EndProject
Project("{FAE04EC0-301F-11D3-BF4B-00C04F79EFBC}") = "Petrichor.Shared.Contracts", "src\Shared\Petrichor.Shared.Contracts\Petrichor.Shared.Contracts.csproj", "{CC22CB6A-5FA8-446E-9DE6-44A75F839ED5}"
EndProject
Project("{FAE04EC0-301F-11D3-BF4B-00C04F79EFBC}") = "Petrichor.Shared.Domain", "src\Shared\Petrichor.Shared.Domain\Petrichor.Shared.Domain.csproj", "{72183832-BF12-4BBE-AC64-78D78A879248}"
EndProject
Project("{FAE04EC0-301F-11D3-BF4B-00C04F79EFBC}") = "Petrichor.Shared.Infrastructure", "src\Shared\Petrichor.Shared.Infrastructure\Petrichor.Shared.Infrastructure.csproj", "{FEC47EE7-185F-4159-8050-4EDE4CB72054}"
EndProject
Project("{FAE04EC0-301F-11D3-BF4B-00C04F79EFBC}") = "Petrichor.Shared.Presentation", "src\Shared\Petrichor.Shared.Presentation\Petrichor.Shared.Presentation.csproj", "{980D5FF0-B54F-422D-A086-503F7E108E3E}"
EndProject
Project("{2150E333-8FDC-42A3-9474-1A3956D46DE8}") = "tests", "tests", "{0AB3BF05-4346-4AA6-1389-037BE0695223}"
EndProject
Project("{2150E333-8FDC-42A3-9474-1A3956D46DE8}") = "Modules", "Modules", "{D7DC9B74-6BC4-2470-2038-1E57C2DCB73B}"
EndProject
Project("{2150E333-8FDC-42A3-9474-1A3956D46DE8}") = "Gallery", "Gallery", "{83912334-ADC6-9144-CE0B-8F83D3029049}"
EndProject
Project("{FAE04EC0-301F-11D3-BF4B-00C04F79EFBC}") = "Petrichor.Modules.Gallery.Application.Tests", "tests\Modules\Gallery\Petrichor.Modules.Gallery.Application.Tests\Petrichor.Modules.Gallery.Application.Tests.csproj", "{C3FF3EDB-20FF-4D75-B02D-EC332636E0DE}"
EndProject
Project("{FAE04EC0-301F-11D3-BF4B-00C04F79EFBC}") = "Petrichor.Modules.Gallery.Domain.Tests", "tests\Modules\Gallery\Petrichor.Modules.Gallery.Domain.Tests\Petrichor.Modules.Gallery.Domain.Tests.csproj", "{0B27B49D-262F-47C7-A04A-0BFBCB991CDD}"
EndProject
Project("{FAE04EC0-301F-11D3-BF4B-00C04F79EFBC}") = "Petrichor.Modules.Gallery.Presentation.Tests", "tests\Modules\Gallery\Petrichor.Modules.Gallery.Presentation.Tests\Petrichor.Modules.Gallery.Presentation.Tests.csproj", "{B02294C5-9CD6-4FD3-920A-65C21FF2A6C7}"
EndProject
Project("{2150E333-8FDC-42A3-9474-1A3956D46DE8}") = "Shared", "Shared", "{D0D6B8B0-AC35-B3FA-0B96-A9B0E4A3253E}"
EndProject
Project("{FAE04EC0-301F-11D3-BF4B-00C04F79EFBC}") = "Petrichor.Shared.Application.Tests", "tests\Shared\Petrichor.Shared.Application.Tests\Petrichor.Shared.Application.Tests.csproj", "{9342B3C0-720D-40CD-80E1-B4A60E8CD664}"
EndProject
Project("{FAE04EC0-301F-11D3-BF4B-00C04F79EFBC}") = "Petrichor.Shared.Infrastructure.Tests", "tests\Shared\Petrichor.Shared.Infrastructure.Tests\Petrichor.Shared.Infrastructure.Tests.csproj", "{C6DB74E6-0357-44B6-B843-C325BCC755A2}"
EndProject
Project("{FAE04EC0-301F-11D3-BF4B-00C04F79EFBC}") = "TestUtilities", "tests\TestUtilities\TestUtilities.csproj", "{02D6A17C-35E2-4048-A4F5-2CD4482B3206}"
EndProject
Project("{FAE04EC0-301F-11D3-BF4B-00C04F79EFBC}") = "Petrichor.Modules.Users.IntegrationEvents", "src\Modules\Users\Petrichor.Modules.Users.IntegrationEvents\Petrichor.Modules.Users.IntegrationEvents.csproj", "{E3AC4AA9-067E-43D5-9E2E-872002561238}"
EndProject
Project("{FAE04EC0-301F-11D3-BF4B-00C04F79EFBC}") = "Petrichor.Modules.Gallery.IntegrationEvents", "src\Modules\Gallery\Petrichor.Modules.Gallery.IntegrationEvents\Petrichor.Modules.Gallery.IntegrationEvents.csproj", "{1AF07ADC-594D-428B-AEBD-E9D4758413A5}"
EndProject
Global
	GlobalSection(SolutionConfigurationPlatforms) = preSolution
		Debug|Any CPU = Debug|Any CPU
		Debug|x64 = Debug|x64
		Debug|x86 = Debug|x86
		Release|Any CPU = Release|Any CPU
		Release|x64 = Release|x64
		Release|x86 = Release|x86
	EndGlobalSection
	GlobalSection(ProjectConfigurationPlatforms) = postSolution
		{BF9BE64B-59ED-4897-AD73-9677E2AE21E6}.Debug|Any CPU.ActiveCfg = Debug|Any CPU
		{BF9BE64B-59ED-4897-AD73-9677E2AE21E6}.Debug|Any CPU.Build.0 = Debug|Any CPU
		{BF9BE64B-59ED-4897-AD73-9677E2AE21E6}.Debug|x64.ActiveCfg = Debug|Any CPU
		{BF9BE64B-59ED-4897-AD73-9677E2AE21E6}.Debug|x64.Build.0 = Debug|Any CPU
		{BF9BE64B-59ED-4897-AD73-9677E2AE21E6}.Debug|x86.ActiveCfg = Debug|Any CPU
		{BF9BE64B-59ED-4897-AD73-9677E2AE21E6}.Debug|x86.Build.0 = Debug|Any CPU
		{BF9BE64B-59ED-4897-AD73-9677E2AE21E6}.Release|Any CPU.ActiveCfg = Release|Any CPU
		{BF9BE64B-59ED-4897-AD73-9677E2AE21E6}.Release|Any CPU.Build.0 = Release|Any CPU
		{BF9BE64B-59ED-4897-AD73-9677E2AE21E6}.Release|x64.ActiveCfg = Release|Any CPU
		{BF9BE64B-59ED-4897-AD73-9677E2AE21E6}.Release|x64.Build.0 = Release|Any CPU
		{BF9BE64B-59ED-4897-AD73-9677E2AE21E6}.Release|x86.ActiveCfg = Release|Any CPU
		{BF9BE64B-59ED-4897-AD73-9677E2AE21E6}.Release|x86.Build.0 = Release|Any CPU
		{7231CD88-A79D-4409-9147-C2E5B70AA437}.Debug|Any CPU.ActiveCfg = Debug|Any CPU
		{7231CD88-A79D-4409-9147-C2E5B70AA437}.Debug|Any CPU.Build.0 = Debug|Any CPU
		{7231CD88-A79D-4409-9147-C2E5B70AA437}.Debug|x64.ActiveCfg = Debug|Any CPU
		{7231CD88-A79D-4409-9147-C2E5B70AA437}.Debug|x64.Build.0 = Debug|Any CPU
		{7231CD88-A79D-4409-9147-C2E5B70AA437}.Debug|x86.ActiveCfg = Debug|Any CPU
		{7231CD88-A79D-4409-9147-C2E5B70AA437}.Debug|x86.Build.0 = Debug|Any CPU
		{7231CD88-A79D-4409-9147-C2E5B70AA437}.Release|Any CPU.ActiveCfg = Release|Any CPU
		{7231CD88-A79D-4409-9147-C2E5B70AA437}.Release|Any CPU.Build.0 = Release|Any CPU
		{7231CD88-A79D-4409-9147-C2E5B70AA437}.Release|x64.ActiveCfg = Release|Any CPU
		{7231CD88-A79D-4409-9147-C2E5B70AA437}.Release|x64.Build.0 = Release|Any CPU
		{7231CD88-A79D-4409-9147-C2E5B70AA437}.Release|x86.ActiveCfg = Release|Any CPU
		{7231CD88-A79D-4409-9147-C2E5B70AA437}.Release|x86.Build.0 = Release|Any CPU
		{258C5834-0F4B-4E37-A2F0-D7E89FA9C615}.Debug|Any CPU.ActiveCfg = Debug|Any CPU
		{258C5834-0F4B-4E37-A2F0-D7E89FA9C615}.Debug|Any CPU.Build.0 = Debug|Any CPU
		{258C5834-0F4B-4E37-A2F0-D7E89FA9C615}.Debug|x64.ActiveCfg = Debug|Any CPU
		{258C5834-0F4B-4E37-A2F0-D7E89FA9C615}.Debug|x64.Build.0 = Debug|Any CPU
		{258C5834-0F4B-4E37-A2F0-D7E89FA9C615}.Debug|x86.ActiveCfg = Debug|Any CPU
		{258C5834-0F4B-4E37-A2F0-D7E89FA9C615}.Debug|x86.Build.0 = Debug|Any CPU
		{258C5834-0F4B-4E37-A2F0-D7E89FA9C615}.Release|Any CPU.ActiveCfg = Release|Any CPU
		{258C5834-0F4B-4E37-A2F0-D7E89FA9C615}.Release|Any CPU.Build.0 = Release|Any CPU
		{258C5834-0F4B-4E37-A2F0-D7E89FA9C615}.Release|x64.ActiveCfg = Release|Any CPU
		{258C5834-0F4B-4E37-A2F0-D7E89FA9C615}.Release|x64.Build.0 = Release|Any CPU
		{258C5834-0F4B-4E37-A2F0-D7E89FA9C615}.Release|x86.ActiveCfg = Release|Any CPU
		{258C5834-0F4B-4E37-A2F0-D7E89FA9C615}.Release|x86.Build.0 = Release|Any CPU
		{65804B83-341A-48CF-A4DD-799834B8414F}.Debug|Any CPU.ActiveCfg = Debug|Any CPU
		{65804B83-341A-48CF-A4DD-799834B8414F}.Debug|Any CPU.Build.0 = Debug|Any CPU
		{65804B83-341A-48CF-A4DD-799834B8414F}.Debug|x64.ActiveCfg = Debug|Any CPU
		{65804B83-341A-48CF-A4DD-799834B8414F}.Debug|x64.Build.0 = Debug|Any CPU
		{65804B83-341A-48CF-A4DD-799834B8414F}.Debug|x86.ActiveCfg = Debug|Any CPU
		{65804B83-341A-48CF-A4DD-799834B8414F}.Debug|x86.Build.0 = Debug|Any CPU
		{65804B83-341A-48CF-A4DD-799834B8414F}.Release|Any CPU.ActiveCfg = Release|Any CPU
		{65804B83-341A-48CF-A4DD-799834B8414F}.Release|Any CPU.Build.0 = Release|Any CPU
		{65804B83-341A-48CF-A4DD-799834B8414F}.Release|x64.ActiveCfg = Release|Any CPU
		{65804B83-341A-48CF-A4DD-799834B8414F}.Release|x64.Build.0 = Release|Any CPU
		{65804B83-341A-48CF-A4DD-799834B8414F}.Release|x86.ActiveCfg = Release|Any CPU
		{65804B83-341A-48CF-A4DD-799834B8414F}.Release|x86.Build.0 = Release|Any CPU
		{123EE886-7F2B-487B-82A6-1E4124ABE483}.Debug|Any CPU.ActiveCfg = Debug|Any CPU
		{123EE886-7F2B-487B-82A6-1E4124ABE483}.Debug|Any CPU.Build.0 = Debug|Any CPU
		{123EE886-7F2B-487B-82A6-1E4124ABE483}.Debug|x64.ActiveCfg = Debug|Any CPU
		{123EE886-7F2B-487B-82A6-1E4124ABE483}.Debug|x64.Build.0 = Debug|Any CPU
		{123EE886-7F2B-487B-82A6-1E4124ABE483}.Debug|x86.ActiveCfg = Debug|Any CPU
		{123EE886-7F2B-487B-82A6-1E4124ABE483}.Debug|x86.Build.0 = Debug|Any CPU
		{123EE886-7F2B-487B-82A6-1E4124ABE483}.Release|Any CPU.ActiveCfg = Release|Any CPU
		{123EE886-7F2B-487B-82A6-1E4124ABE483}.Release|Any CPU.Build.0 = Release|Any CPU
		{123EE886-7F2B-487B-82A6-1E4124ABE483}.Release|x64.ActiveCfg = Release|Any CPU
		{123EE886-7F2B-487B-82A6-1E4124ABE483}.Release|x64.Build.0 = Release|Any CPU
		{123EE886-7F2B-487B-82A6-1E4124ABE483}.Release|x86.ActiveCfg = Release|Any CPU
		{123EE886-7F2B-487B-82A6-1E4124ABE483}.Release|x86.Build.0 = Release|Any CPU
		{0335B9AD-E9B2-4A90-B535-6BCFA93F969A}.Debug|Any CPU.ActiveCfg = Debug|Any CPU
		{0335B9AD-E9B2-4A90-B535-6BCFA93F969A}.Debug|Any CPU.Build.0 = Debug|Any CPU
		{0335B9AD-E9B2-4A90-B535-6BCFA93F969A}.Debug|x64.ActiveCfg = Debug|Any CPU
		{0335B9AD-E9B2-4A90-B535-6BCFA93F969A}.Debug|x64.Build.0 = Debug|Any CPU
		{0335B9AD-E9B2-4A90-B535-6BCFA93F969A}.Debug|x86.ActiveCfg = Debug|Any CPU
		{0335B9AD-E9B2-4A90-B535-6BCFA93F969A}.Debug|x86.Build.0 = Debug|Any CPU
		{0335B9AD-E9B2-4A90-B535-6BCFA93F969A}.Release|Any CPU.ActiveCfg = Release|Any CPU
		{0335B9AD-E9B2-4A90-B535-6BCFA93F969A}.Release|Any CPU.Build.0 = Release|Any CPU
		{0335B9AD-E9B2-4A90-B535-6BCFA93F969A}.Release|x64.ActiveCfg = Release|Any CPU
		{0335B9AD-E9B2-4A90-B535-6BCFA93F969A}.Release|x64.Build.0 = Release|Any CPU
		{0335B9AD-E9B2-4A90-B535-6BCFA93F969A}.Release|x86.ActiveCfg = Release|Any CPU
		{0335B9AD-E9B2-4A90-B535-6BCFA93F969A}.Release|x86.Build.0 = Release|Any CPU
		{AED4556B-1094-44D7-84AE-5CA8EDCA1ACB}.Debug|Any CPU.ActiveCfg = Debug|Any CPU
		{AED4556B-1094-44D7-84AE-5CA8EDCA1ACB}.Debug|Any CPU.Build.0 = Debug|Any CPU
		{AED4556B-1094-44D7-84AE-5CA8EDCA1ACB}.Debug|x64.ActiveCfg = Debug|Any CPU
		{AED4556B-1094-44D7-84AE-5CA8EDCA1ACB}.Debug|x64.Build.0 = Debug|Any CPU
		{AED4556B-1094-44D7-84AE-5CA8EDCA1ACB}.Debug|x86.ActiveCfg = Debug|Any CPU
		{AED4556B-1094-44D7-84AE-5CA8EDCA1ACB}.Debug|x86.Build.0 = Debug|Any CPU
		{AED4556B-1094-44D7-84AE-5CA8EDCA1ACB}.Release|Any CPU.ActiveCfg = Release|Any CPU
		{AED4556B-1094-44D7-84AE-5CA8EDCA1ACB}.Release|Any CPU.Build.0 = Release|Any CPU
		{AED4556B-1094-44D7-84AE-5CA8EDCA1ACB}.Release|x64.ActiveCfg = Release|Any CPU
		{AED4556B-1094-44D7-84AE-5CA8EDCA1ACB}.Release|x64.Build.0 = Release|Any CPU
		{AED4556B-1094-44D7-84AE-5CA8EDCA1ACB}.Release|x86.ActiveCfg = Release|Any CPU
		{AED4556B-1094-44D7-84AE-5CA8EDCA1ACB}.Release|x86.Build.0 = Release|Any CPU
		{3EDF5BC4-7443-4BCE-8606-D1474A59EBC7}.Debug|Any CPU.ActiveCfg = Debug|Any CPU
		{3EDF5BC4-7443-4BCE-8606-D1474A59EBC7}.Debug|Any CPU.Build.0 = Debug|Any CPU
		{3EDF5BC4-7443-4BCE-8606-D1474A59EBC7}.Debug|x64.ActiveCfg = Debug|Any CPU
		{3EDF5BC4-7443-4BCE-8606-D1474A59EBC7}.Debug|x64.Build.0 = Debug|Any CPU
		{3EDF5BC4-7443-4BCE-8606-D1474A59EBC7}.Debug|x86.ActiveCfg = Debug|Any CPU
		{3EDF5BC4-7443-4BCE-8606-D1474A59EBC7}.Debug|x86.Build.0 = Debug|Any CPU
		{3EDF5BC4-7443-4BCE-8606-D1474A59EBC7}.Release|Any CPU.ActiveCfg = Release|Any CPU
		{3EDF5BC4-7443-4BCE-8606-D1474A59EBC7}.Release|Any CPU.Build.0 = Release|Any CPU
		{3EDF5BC4-7443-4BCE-8606-D1474A59EBC7}.Release|x64.ActiveCfg = Release|Any CPU
		{3EDF5BC4-7443-4BCE-8606-D1474A59EBC7}.Release|x64.Build.0 = Release|Any CPU
		{3EDF5BC4-7443-4BCE-8606-D1474A59EBC7}.Release|x86.ActiveCfg = Release|Any CPU
		{3EDF5BC4-7443-4BCE-8606-D1474A59EBC7}.Release|x86.Build.0 = Release|Any CPU
		{64FB7BD4-A0C6-4C96-B4AE-A0C234E127DD}.Debug|Any CPU.ActiveCfg = Debug|Any CPU
		{64FB7BD4-A0C6-4C96-B4AE-A0C234E127DD}.Debug|Any CPU.Build.0 = Debug|Any CPU
		{64FB7BD4-A0C6-4C96-B4AE-A0C234E127DD}.Debug|x64.ActiveCfg = Debug|Any CPU
		{64FB7BD4-A0C6-4C96-B4AE-A0C234E127DD}.Debug|x64.Build.0 = Debug|Any CPU
		{64FB7BD4-A0C6-4C96-B4AE-A0C234E127DD}.Debug|x86.ActiveCfg = Debug|Any CPU
		{64FB7BD4-A0C6-4C96-B4AE-A0C234E127DD}.Debug|x86.Build.0 = Debug|Any CPU
		{64FB7BD4-A0C6-4C96-B4AE-A0C234E127DD}.Release|Any CPU.ActiveCfg = Release|Any CPU
		{64FB7BD4-A0C6-4C96-B4AE-A0C234E127DD}.Release|Any CPU.Build.0 = Release|Any CPU
		{64FB7BD4-A0C6-4C96-B4AE-A0C234E127DD}.Release|x64.ActiveCfg = Release|Any CPU
		{64FB7BD4-A0C6-4C96-B4AE-A0C234E127DD}.Release|x64.Build.0 = Release|Any CPU
		{64FB7BD4-A0C6-4C96-B4AE-A0C234E127DD}.Release|x86.ActiveCfg = Release|Any CPU
		{64FB7BD4-A0C6-4C96-B4AE-A0C234E127DD}.Release|x86.Build.0 = Release|Any CPU
		{F7C1D41F-7932-4287-B525-EEA68B365E57}.Debug|Any CPU.ActiveCfg = Debug|Any CPU
		{F7C1D41F-7932-4287-B525-EEA68B365E57}.Debug|Any CPU.Build.0 = Debug|Any CPU
		{F7C1D41F-7932-4287-B525-EEA68B365E57}.Debug|x64.ActiveCfg = Debug|Any CPU
		{F7C1D41F-7932-4287-B525-EEA68B365E57}.Debug|x64.Build.0 = Debug|Any CPU
		{F7C1D41F-7932-4287-B525-EEA68B365E57}.Debug|x86.ActiveCfg = Debug|Any CPU
		{F7C1D41F-7932-4287-B525-EEA68B365E57}.Debug|x86.Build.0 = Debug|Any CPU
		{F7C1D41F-7932-4287-B525-EEA68B365E57}.Release|Any CPU.ActiveCfg = Release|Any CPU
		{F7C1D41F-7932-4287-B525-EEA68B365E57}.Release|Any CPU.Build.0 = Release|Any CPU
		{F7C1D41F-7932-4287-B525-EEA68B365E57}.Release|x64.ActiveCfg = Release|Any CPU
		{F7C1D41F-7932-4287-B525-EEA68B365E57}.Release|x64.Build.0 = Release|Any CPU
		{F7C1D41F-7932-4287-B525-EEA68B365E57}.Release|x86.ActiveCfg = Release|Any CPU
		{F7C1D41F-7932-4287-B525-EEA68B365E57}.Release|x86.Build.0 = Release|Any CPU
		{189A79F9-D0C2-4E4B-B970-E0012C167FA5}.Debug|Any CPU.ActiveCfg = Debug|Any CPU
		{189A79F9-D0C2-4E4B-B970-E0012C167FA5}.Debug|Any CPU.Build.0 = Debug|Any CPU
		{189A79F9-D0C2-4E4B-B970-E0012C167FA5}.Debug|x64.ActiveCfg = Debug|Any CPU
		{189A79F9-D0C2-4E4B-B970-E0012C167FA5}.Debug|x64.Build.0 = Debug|Any CPU
		{189A79F9-D0C2-4E4B-B970-E0012C167FA5}.Debug|x86.ActiveCfg = Debug|Any CPU
		{189A79F9-D0C2-4E4B-B970-E0012C167FA5}.Debug|x86.Build.0 = Debug|Any CPU
		{189A79F9-D0C2-4E4B-B970-E0012C167FA5}.Release|Any CPU.ActiveCfg = Release|Any CPU
		{189A79F9-D0C2-4E4B-B970-E0012C167FA5}.Release|Any CPU.Build.0 = Release|Any CPU
		{189A79F9-D0C2-4E4B-B970-E0012C167FA5}.Release|x64.ActiveCfg = Release|Any CPU
		{189A79F9-D0C2-4E4B-B970-E0012C167FA5}.Release|x64.Build.0 = Release|Any CPU
		{189A79F9-D0C2-4E4B-B970-E0012C167FA5}.Release|x86.ActiveCfg = Release|Any CPU
		{189A79F9-D0C2-4E4B-B970-E0012C167FA5}.Release|x86.Build.0 = Release|Any CPU
		{B94A9FBF-0539-4442-B271-D9D22B0EFEE3}.Debug|Any CPU.ActiveCfg = Debug|Any CPU
		{B94A9FBF-0539-4442-B271-D9D22B0EFEE3}.Debug|Any CPU.Build.0 = Debug|Any CPU
		{B94A9FBF-0539-4442-B271-D9D22B0EFEE3}.Debug|x64.ActiveCfg = Debug|Any CPU
		{B94A9FBF-0539-4442-B271-D9D22B0EFEE3}.Debug|x64.Build.0 = Debug|Any CPU
		{B94A9FBF-0539-4442-B271-D9D22B0EFEE3}.Debug|x86.ActiveCfg = Debug|Any CPU
		{B94A9FBF-0539-4442-B271-D9D22B0EFEE3}.Debug|x86.Build.0 = Debug|Any CPU
		{B94A9FBF-0539-4442-B271-D9D22B0EFEE3}.Release|Any CPU.ActiveCfg = Release|Any CPU
		{B94A9FBF-0539-4442-B271-D9D22B0EFEE3}.Release|Any CPU.Build.0 = Release|Any CPU
		{B94A9FBF-0539-4442-B271-D9D22B0EFEE3}.Release|x64.ActiveCfg = Release|Any CPU
		{B94A9FBF-0539-4442-B271-D9D22B0EFEE3}.Release|x64.Build.0 = Release|Any CPU
		{B94A9FBF-0539-4442-B271-D9D22B0EFEE3}.Release|x86.ActiveCfg = Release|Any CPU
		{B94A9FBF-0539-4442-B271-D9D22B0EFEE3}.Release|x86.Build.0 = Release|Any CPU
		{CC22CB6A-5FA8-446E-9DE6-44A75F839ED5}.Debug|Any CPU.ActiveCfg = Debug|Any CPU
		{CC22CB6A-5FA8-446E-9DE6-44A75F839ED5}.Debug|Any CPU.Build.0 = Debug|Any CPU
		{CC22CB6A-5FA8-446E-9DE6-44A75F839ED5}.Debug|x64.ActiveCfg = Debug|Any CPU
		{CC22CB6A-5FA8-446E-9DE6-44A75F839ED5}.Debug|x64.Build.0 = Debug|Any CPU
		{CC22CB6A-5FA8-446E-9DE6-44A75F839ED5}.Debug|x86.ActiveCfg = Debug|Any CPU
		{CC22CB6A-5FA8-446E-9DE6-44A75F839ED5}.Debug|x86.Build.0 = Debug|Any CPU
		{CC22CB6A-5FA8-446E-9DE6-44A75F839ED5}.Release|Any CPU.ActiveCfg = Release|Any CPU
		{CC22CB6A-5FA8-446E-9DE6-44A75F839ED5}.Release|Any CPU.Build.0 = Release|Any CPU
		{CC22CB6A-5FA8-446E-9DE6-44A75F839ED5}.Release|x64.ActiveCfg = Release|Any CPU
		{CC22CB6A-5FA8-446E-9DE6-44A75F839ED5}.Release|x64.Build.0 = Release|Any CPU
		{CC22CB6A-5FA8-446E-9DE6-44A75F839ED5}.Release|x86.ActiveCfg = Release|Any CPU
		{CC22CB6A-5FA8-446E-9DE6-44A75F839ED5}.Release|x86.Build.0 = Release|Any CPU
		{72183832-BF12-4BBE-AC64-78D78A879248}.Debug|Any CPU.ActiveCfg = Debug|Any CPU
		{72183832-BF12-4BBE-AC64-78D78A879248}.Debug|Any CPU.Build.0 = Debug|Any CPU
		{72183832-BF12-4BBE-AC64-78D78A879248}.Debug|x64.ActiveCfg = Debug|Any CPU
		{72183832-BF12-4BBE-AC64-78D78A879248}.Debug|x64.Build.0 = Debug|Any CPU
		{72183832-BF12-4BBE-AC64-78D78A879248}.Debug|x86.ActiveCfg = Debug|Any CPU
		{72183832-BF12-4BBE-AC64-78D78A879248}.Debug|x86.Build.0 = Debug|Any CPU
		{72183832-BF12-4BBE-AC64-78D78A879248}.Release|Any CPU.ActiveCfg = Release|Any CPU
		{72183832-BF12-4BBE-AC64-78D78A879248}.Release|Any CPU.Build.0 = Release|Any CPU
		{72183832-BF12-4BBE-AC64-78D78A879248}.Release|x64.ActiveCfg = Release|Any CPU
		{72183832-BF12-4BBE-AC64-78D78A879248}.Release|x64.Build.0 = Release|Any CPU
		{72183832-BF12-4BBE-AC64-78D78A879248}.Release|x86.ActiveCfg = Release|Any CPU
		{72183832-BF12-4BBE-AC64-78D78A879248}.Release|x86.Build.0 = Release|Any CPU
		{FEC47EE7-185F-4159-8050-4EDE4CB72054}.Debug|Any CPU.ActiveCfg = Debug|Any CPU
		{FEC47EE7-185F-4159-8050-4EDE4CB72054}.Debug|Any CPU.Build.0 = Debug|Any CPU
		{FEC47EE7-185F-4159-8050-4EDE4CB72054}.Debug|x64.ActiveCfg = Debug|Any CPU
		{FEC47EE7-185F-4159-8050-4EDE4CB72054}.Debug|x64.Build.0 = Debug|Any CPU
		{FEC47EE7-185F-4159-8050-4EDE4CB72054}.Debug|x86.ActiveCfg = Debug|Any CPU
		{FEC47EE7-185F-4159-8050-4EDE4CB72054}.Debug|x86.Build.0 = Debug|Any CPU
		{FEC47EE7-185F-4159-8050-4EDE4CB72054}.Release|Any CPU.ActiveCfg = Release|Any CPU
		{FEC47EE7-185F-4159-8050-4EDE4CB72054}.Release|Any CPU.Build.0 = Release|Any CPU
		{FEC47EE7-185F-4159-8050-4EDE4CB72054}.Release|x64.ActiveCfg = Release|Any CPU
		{FEC47EE7-185F-4159-8050-4EDE4CB72054}.Release|x64.Build.0 = Release|Any CPU
		{FEC47EE7-185F-4159-8050-4EDE4CB72054}.Release|x86.ActiveCfg = Release|Any CPU
		{FEC47EE7-185F-4159-8050-4EDE4CB72054}.Release|x86.Build.0 = Release|Any CPU
		{980D5FF0-B54F-422D-A086-503F7E108E3E}.Debug|Any CPU.ActiveCfg = Debug|Any CPU
		{980D5FF0-B54F-422D-A086-503F7E108E3E}.Debug|Any CPU.Build.0 = Debug|Any CPU
		{980D5FF0-B54F-422D-A086-503F7E108E3E}.Debug|x64.ActiveCfg = Debug|Any CPU
		{980D5FF0-B54F-422D-A086-503F7E108E3E}.Debug|x64.Build.0 = Debug|Any CPU
		{980D5FF0-B54F-422D-A086-503F7E108E3E}.Debug|x86.ActiveCfg = Debug|Any CPU
		{980D5FF0-B54F-422D-A086-503F7E108E3E}.Debug|x86.Build.0 = Debug|Any CPU
		{980D5FF0-B54F-422D-A086-503F7E108E3E}.Release|Any CPU.ActiveCfg = Release|Any CPU
		{980D5FF0-B54F-422D-A086-503F7E108E3E}.Release|Any CPU.Build.0 = Release|Any CPU
		{980D5FF0-B54F-422D-A086-503F7E108E3E}.Release|x64.ActiveCfg = Release|Any CPU
		{980D5FF0-B54F-422D-A086-503F7E108E3E}.Release|x64.Build.0 = Release|Any CPU
		{980D5FF0-B54F-422D-A086-503F7E108E3E}.Release|x86.ActiveCfg = Release|Any CPU
		{980D5FF0-B54F-422D-A086-503F7E108E3E}.Release|x86.Build.0 = Release|Any CPU
		{C3FF3EDB-20FF-4D75-B02D-EC332636E0DE}.Debug|Any CPU.ActiveCfg = Debug|Any CPU
		{C3FF3EDB-20FF-4D75-B02D-EC332636E0DE}.Debug|Any CPU.Build.0 = Debug|Any CPU
		{C3FF3EDB-20FF-4D75-B02D-EC332636E0DE}.Debug|x64.ActiveCfg = Debug|Any CPU
		{C3FF3EDB-20FF-4D75-B02D-EC332636E0DE}.Debug|x64.Build.0 = Debug|Any CPU
		{C3FF3EDB-20FF-4D75-B02D-EC332636E0DE}.Debug|x86.ActiveCfg = Debug|Any CPU
		{C3FF3EDB-20FF-4D75-B02D-EC332636E0DE}.Debug|x86.Build.0 = Debug|Any CPU
		{C3FF3EDB-20FF-4D75-B02D-EC332636E0DE}.Release|Any CPU.ActiveCfg = Release|Any CPU
		{C3FF3EDB-20FF-4D75-B02D-EC332636E0DE}.Release|Any CPU.Build.0 = Release|Any CPU
		{C3FF3EDB-20FF-4D75-B02D-EC332636E0DE}.Release|x64.ActiveCfg = Release|Any CPU
		{C3FF3EDB-20FF-4D75-B02D-EC332636E0DE}.Release|x64.Build.0 = Release|Any CPU
		{C3FF3EDB-20FF-4D75-B02D-EC332636E0DE}.Release|x86.ActiveCfg = Release|Any CPU
		{C3FF3EDB-20FF-4D75-B02D-EC332636E0DE}.Release|x86.Build.0 = Release|Any CPU
		{0B27B49D-262F-47C7-A04A-0BFBCB991CDD}.Debug|Any CPU.ActiveCfg = Debug|Any CPU
		{0B27B49D-262F-47C7-A04A-0BFBCB991CDD}.Debug|Any CPU.Build.0 = Debug|Any CPU
		{0B27B49D-262F-47C7-A04A-0BFBCB991CDD}.Debug|x64.ActiveCfg = Debug|Any CPU
		{0B27B49D-262F-47C7-A04A-0BFBCB991CDD}.Debug|x64.Build.0 = Debug|Any CPU
		{0B27B49D-262F-47C7-A04A-0BFBCB991CDD}.Debug|x86.ActiveCfg = Debug|Any CPU
		{0B27B49D-262F-47C7-A04A-0BFBCB991CDD}.Debug|x86.Build.0 = Debug|Any CPU
		{0B27B49D-262F-47C7-A04A-0BFBCB991CDD}.Release|Any CPU.ActiveCfg = Release|Any CPU
		{0B27B49D-262F-47C7-A04A-0BFBCB991CDD}.Release|Any CPU.Build.0 = Release|Any CPU
		{0B27B49D-262F-47C7-A04A-0BFBCB991CDD}.Release|x64.ActiveCfg = Release|Any CPU
		{0B27B49D-262F-47C7-A04A-0BFBCB991CDD}.Release|x64.Build.0 = Release|Any CPU
		{0B27B49D-262F-47C7-A04A-0BFBCB991CDD}.Release|x86.ActiveCfg = Release|Any CPU
		{0B27B49D-262F-47C7-A04A-0BFBCB991CDD}.Release|x86.Build.0 = Release|Any CPU
		{B02294C5-9CD6-4FD3-920A-65C21FF2A6C7}.Debug|Any CPU.ActiveCfg = Debug|Any CPU
		{B02294C5-9CD6-4FD3-920A-65C21FF2A6C7}.Debug|Any CPU.Build.0 = Debug|Any CPU
		{B02294C5-9CD6-4FD3-920A-65C21FF2A6C7}.Debug|x64.ActiveCfg = Debug|Any CPU
		{B02294C5-9CD6-4FD3-920A-65C21FF2A6C7}.Debug|x64.Build.0 = Debug|Any CPU
		{B02294C5-9CD6-4FD3-920A-65C21FF2A6C7}.Debug|x86.ActiveCfg = Debug|Any CPU
		{B02294C5-9CD6-4FD3-920A-65C21FF2A6C7}.Debug|x86.Build.0 = Debug|Any CPU
		{B02294C5-9CD6-4FD3-920A-65C21FF2A6C7}.Release|Any CPU.ActiveCfg = Release|Any CPU
		{B02294C5-9CD6-4FD3-920A-65C21FF2A6C7}.Release|Any CPU.Build.0 = Release|Any CPU
		{B02294C5-9CD6-4FD3-920A-65C21FF2A6C7}.Release|x64.ActiveCfg = Release|Any CPU
		{B02294C5-9CD6-4FD3-920A-65C21FF2A6C7}.Release|x64.Build.0 = Release|Any CPU
		{B02294C5-9CD6-4FD3-920A-65C21FF2A6C7}.Release|x86.ActiveCfg = Release|Any CPU
		{B02294C5-9CD6-4FD3-920A-65C21FF2A6C7}.Release|x86.Build.0 = Release|Any CPU
		{9342B3C0-720D-40CD-80E1-B4A60E8CD664}.Debug|Any CPU.ActiveCfg = Debug|Any CPU
		{9342B3C0-720D-40CD-80E1-B4A60E8CD664}.Debug|Any CPU.Build.0 = Debug|Any CPU
		{9342B3C0-720D-40CD-80E1-B4A60E8CD664}.Debug|x64.ActiveCfg = Debug|Any CPU
		{9342B3C0-720D-40CD-80E1-B4A60E8CD664}.Debug|x64.Build.0 = Debug|Any CPU
		{9342B3C0-720D-40CD-80E1-B4A60E8CD664}.Debug|x86.ActiveCfg = Debug|Any CPU
		{9342B3C0-720D-40CD-80E1-B4A60E8CD664}.Debug|x86.Build.0 = Debug|Any CPU
		{9342B3C0-720D-40CD-80E1-B4A60E8CD664}.Release|Any CPU.ActiveCfg = Release|Any CPU
		{9342B3C0-720D-40CD-80E1-B4A60E8CD664}.Release|Any CPU.Build.0 = Release|Any CPU
		{9342B3C0-720D-40CD-80E1-B4A60E8CD664}.Release|x64.ActiveCfg = Release|Any CPU
		{9342B3C0-720D-40CD-80E1-B4A60E8CD664}.Release|x64.Build.0 = Release|Any CPU
		{9342B3C0-720D-40CD-80E1-B4A60E8CD664}.Release|x86.ActiveCfg = Release|Any CPU
		{9342B3C0-720D-40CD-80E1-B4A60E8CD664}.Release|x86.Build.0 = Release|Any CPU
		{C6DB74E6-0357-44B6-B843-C325BCC755A2}.Debug|Any CPU.ActiveCfg = Debug|Any CPU
		{C6DB74E6-0357-44B6-B843-C325BCC755A2}.Debug|Any CPU.Build.0 = Debug|Any CPU
		{C6DB74E6-0357-44B6-B843-C325BCC755A2}.Debug|x64.ActiveCfg = Debug|Any CPU
		{C6DB74E6-0357-44B6-B843-C325BCC755A2}.Debug|x64.Build.0 = Debug|Any CPU
		{C6DB74E6-0357-44B6-B843-C325BCC755A2}.Debug|x86.ActiveCfg = Debug|Any CPU
		{C6DB74E6-0357-44B6-B843-C325BCC755A2}.Debug|x86.Build.0 = Debug|Any CPU
		{C6DB74E6-0357-44B6-B843-C325BCC755A2}.Release|Any CPU.ActiveCfg = Release|Any CPU
		{C6DB74E6-0357-44B6-B843-C325BCC755A2}.Release|Any CPU.Build.0 = Release|Any CPU
		{C6DB74E6-0357-44B6-B843-C325BCC755A2}.Release|x64.ActiveCfg = Release|Any CPU
		{C6DB74E6-0357-44B6-B843-C325BCC755A2}.Release|x64.Build.0 = Release|Any CPU
		{C6DB74E6-0357-44B6-B843-C325BCC755A2}.Release|x86.ActiveCfg = Release|Any CPU
		{C6DB74E6-0357-44B6-B843-C325BCC755A2}.Release|x86.Build.0 = Release|Any CPU
		{02D6A17C-35E2-4048-A4F5-2CD4482B3206}.Debug|Any CPU.ActiveCfg = Debug|Any CPU
		{02D6A17C-35E2-4048-A4F5-2CD4482B3206}.Debug|Any CPU.Build.0 = Debug|Any CPU
		{02D6A17C-35E2-4048-A4F5-2CD4482B3206}.Debug|x64.ActiveCfg = Debug|Any CPU
		{02D6A17C-35E2-4048-A4F5-2CD4482B3206}.Debug|x64.Build.0 = Debug|Any CPU
		{02D6A17C-35E2-4048-A4F5-2CD4482B3206}.Debug|x86.ActiveCfg = Debug|Any CPU
		{02D6A17C-35E2-4048-A4F5-2CD4482B3206}.Debug|x86.Build.0 = Debug|Any CPU
		{02D6A17C-35E2-4048-A4F5-2CD4482B3206}.Release|Any CPU.ActiveCfg = Release|Any CPU
		{02D6A17C-35E2-4048-A4F5-2CD4482B3206}.Release|Any CPU.Build.0 = Release|Any CPU
		{02D6A17C-35E2-4048-A4F5-2CD4482B3206}.Release|x64.ActiveCfg = Release|Any CPU
		{02D6A17C-35E2-4048-A4F5-2CD4482B3206}.Release|x64.Build.0 = Release|Any CPU
		{02D6A17C-35E2-4048-A4F5-2CD4482B3206}.Release|x86.ActiveCfg = Release|Any CPU
		{02D6A17C-35E2-4048-A4F5-2CD4482B3206}.Release|x86.Build.0 = Release|Any CPU
		{E3AC4AA9-067E-43D5-9E2E-872002561238}.Debug|Any CPU.ActiveCfg = Debug|Any CPU
		{E3AC4AA9-067E-43D5-9E2E-872002561238}.Debug|Any CPU.Build.0 = Debug|Any CPU
		{E3AC4AA9-067E-43D5-9E2E-872002561238}.Debug|x64.ActiveCfg = Debug|Any CPU
		{E3AC4AA9-067E-43D5-9E2E-872002561238}.Debug|x64.Build.0 = Debug|Any CPU
		{E3AC4AA9-067E-43D5-9E2E-872002561238}.Debug|x86.ActiveCfg = Debug|Any CPU
		{E3AC4AA9-067E-43D5-9E2E-872002561238}.Debug|x86.Build.0 = Debug|Any CPU
		{E3AC4AA9-067E-43D5-9E2E-872002561238}.Release|Any CPU.ActiveCfg = Release|Any CPU
		{E3AC4AA9-067E-43D5-9E2E-872002561238}.Release|Any CPU.Build.0 = Release|Any CPU
		{E3AC4AA9-067E-43D5-9E2E-872002561238}.Release|x64.ActiveCfg = Release|Any CPU
		{E3AC4AA9-067E-43D5-9E2E-872002561238}.Release|x64.Build.0 = Release|Any CPU
		{E3AC4AA9-067E-43D5-9E2E-872002561238}.Release|x86.ActiveCfg = Release|Any CPU
		{E3AC4AA9-067E-43D5-9E2E-872002561238}.Release|x86.Build.0 = Release|Any CPU
		{1AF07ADC-594D-428B-AEBD-E9D4758413A5}.Debug|Any CPU.ActiveCfg = Debug|Any CPU
		{1AF07ADC-594D-428B-AEBD-E9D4758413A5}.Debug|Any CPU.Build.0 = Debug|Any CPU
		{1AF07ADC-594D-428B-AEBD-E9D4758413A5}.Debug|x64.ActiveCfg = Debug|Any CPU
		{1AF07ADC-594D-428B-AEBD-E9D4758413A5}.Debug|x64.Build.0 = Debug|Any CPU
		{1AF07ADC-594D-428B-AEBD-E9D4758413A5}.Debug|x86.ActiveCfg = Debug|Any CPU
		{1AF07ADC-594D-428B-AEBD-E9D4758413A5}.Debug|x86.Build.0 = Debug|Any CPU
		{1AF07ADC-594D-428B-AEBD-E9D4758413A5}.Release|Any CPU.ActiveCfg = Release|Any CPU
		{1AF07ADC-594D-428B-AEBD-E9D4758413A5}.Release|Any CPU.Build.0 = Release|Any CPU
		{1AF07ADC-594D-428B-AEBD-E9D4758413A5}.Release|x64.ActiveCfg = Release|Any CPU
		{1AF07ADC-594D-428B-AEBD-E9D4758413A5}.Release|x64.Build.0 = Release|Any CPU
		{1AF07ADC-594D-428B-AEBD-E9D4758413A5}.Release|x86.ActiveCfg = Release|Any CPU
		{1AF07ADC-594D-428B-AEBD-E9D4758413A5}.Release|x86.Build.0 = Release|Any CPU
	EndGlobalSection
	GlobalSection(SolutionProperties) = preSolution
		HideSolutionNode = FALSE
	EndGlobalSection
	GlobalSection(NestedProjects) = preSolution
		{81034408-37C8-1011-444E-4C15C2FADA8E} = {827E0CD3-B72D-47B6-A68D-7590B98EB39B}
		{BF9BE64B-59ED-4897-AD73-9677E2AE21E6} = {81034408-37C8-1011-444E-4C15C2FADA8E}
		{EC447DCF-ABFA-6E24-52A5-D7FD48A5C558} = {827E0CD3-B72D-47B6-A68D-7590B98EB39B}
		{351E7B30-D039-6F9B-1124-3155A5A255D6} = {EC447DCF-ABFA-6E24-52A5-D7FD48A5C558}
		{7231CD88-A79D-4409-9147-C2E5B70AA437} = {351E7B30-D039-6F9B-1124-3155A5A255D6}
		{258C5834-0F4B-4E37-A2F0-D7E89FA9C615} = {351E7B30-D039-6F9B-1124-3155A5A255D6}
		{65804B83-341A-48CF-A4DD-799834B8414F} = {351E7B30-D039-6F9B-1124-3155A5A255D6}
		{123EE886-7F2B-487B-82A6-1E4124ABE483} = {351E7B30-D039-6F9B-1124-3155A5A255D6}
		{0335B9AD-E9B2-4A90-B535-6BCFA93F969A} = {351E7B30-D039-6F9B-1124-3155A5A255D6}
		{A26F344D-182E-CE53-AD51-2154946AC6F3} = {EC447DCF-ABFA-6E24-52A5-D7FD48A5C558}
		{AED4556B-1094-44D7-84AE-5CA8EDCA1ACB} = {A26F344D-182E-CE53-AD51-2154946AC6F3}
		{3EDF5BC4-7443-4BCE-8606-D1474A59EBC7} = {A26F344D-182E-CE53-AD51-2154946AC6F3}
		{64FB7BD4-A0C6-4C96-B4AE-A0C234E127DD} = {A26F344D-182E-CE53-AD51-2154946AC6F3}
		{F7C1D41F-7932-4287-B525-EEA68B365E57} = {A26F344D-182E-CE53-AD51-2154946AC6F3}
		{189A79F9-D0C2-4E4B-B970-E0012C167FA5} = {A26F344D-182E-CE53-AD51-2154946AC6F3}
		{C8E42992-5E42-0C2B-DBFE-AA848D06431C} = {827E0CD3-B72D-47B6-A68D-7590B98EB39B}
		{B94A9FBF-0539-4442-B271-D9D22B0EFEE3} = {C8E42992-5E42-0C2B-DBFE-AA848D06431C}
		{CC22CB6A-5FA8-446E-9DE6-44A75F839ED5} = {C8E42992-5E42-0C2B-DBFE-AA848D06431C}
		{72183832-BF12-4BBE-AC64-78D78A879248} = {C8E42992-5E42-0C2B-DBFE-AA848D06431C}
		{FEC47EE7-185F-4159-8050-4EDE4CB72054} = {C8E42992-5E42-0C2B-DBFE-AA848D06431C}
		{980D5FF0-B54F-422D-A086-503F7E108E3E} = {C8E42992-5E42-0C2B-DBFE-AA848D06431C}
		{D7DC9B74-6BC4-2470-2038-1E57C2DCB73B} = {0AB3BF05-4346-4AA6-1389-037BE0695223}
		{83912334-ADC6-9144-CE0B-8F83D3029049} = {D7DC9B74-6BC4-2470-2038-1E57C2DCB73B}
		{C3FF3EDB-20FF-4D75-B02D-EC332636E0DE} = {83912334-ADC6-9144-CE0B-8F83D3029049}
		{0B27B49D-262F-47C7-A04A-0BFBCB991CDD} = {83912334-ADC6-9144-CE0B-8F83D3029049}
		{B02294C5-9CD6-4FD3-920A-65C21FF2A6C7} = {83912334-ADC6-9144-CE0B-8F83D3029049}
		{D0D6B8B0-AC35-B3FA-0B96-A9B0E4A3253E} = {0AB3BF05-4346-4AA6-1389-037BE0695223}
		{9342B3C0-720D-40CD-80E1-B4A60E8CD664} = {D0D6B8B0-AC35-B3FA-0B96-A9B0E4A3253E}
		{C6DB74E6-0357-44B6-B843-C325BCC755A2} = {D0D6B8B0-AC35-B3FA-0B96-A9B0E4A3253E}
		{02D6A17C-35E2-4048-A4F5-2CD4482B3206} = {0AB3BF05-4346-4AA6-1389-037BE0695223}
		{E3AC4AA9-067E-43D5-9E2E-872002561238} = {A26F344D-182E-CE53-AD51-2154946AC6F3}
		{1AF07ADC-594D-428B-AEBD-E9D4758413A5} = {351E7B30-D039-6F9B-1124-3155A5A255D6}
	EndGlobalSection
EndGlobal
